// !$*UTF8*$!
{
	archiveVersion = 1;
	classes = {
	};
	objectVersion = 55;
	objects = {

/* Begin PBXBuildFile section */
		96E7630D282590C900BFBB71 /* AppDelegate.swift in Sources */ = {isa = PBXBuildFile; fileRef = 96E7630C282590C900BFBB71 /* AppDelegate.swift */; };
		96E7630F282590C900BFBB71 /* SceneDelegate.swift in Sources */ = {isa = PBXBuildFile; fileRef = 96E7630E282590C900BFBB71 /* SceneDelegate.swift */; };
		96E76311282590C900BFBB71 /* MapViewController.swift in Sources */ = {isa = PBXBuildFile; fileRef = 96E76310282590C900BFBB71 /* MapViewController.swift */; };
		96E76314282590C900BFBB71 /* Main.storyboard in Resources */ = {isa = PBXBuildFile; fileRef = 96E76312282590C900BFBB71 /* Main.storyboard */; };
		96E76317282590C900BFBB71 /* Virtual_Tourist_Udacity.xcdatamodeld in Sources */ = {isa = PBXBuildFile; fileRef = 96E76315282590C900BFBB71 /* Virtual_Tourist_Udacity.xcdatamodeld */; };
		96E76319282590CE00BFBB71 /* Assets.xcassets in Resources */ = {isa = PBXBuildFile; fileRef = 96E76318282590CE00BFBB71 /* Assets.xcassets */; };
		96E7631C282590CE00BFBB71 /* LaunchScreen.storyboard in Resources */ = {isa = PBXBuildFile; fileRef = 96E7631A282590CE00BFBB71 /* LaunchScreen.storyboard */; };
		96E763242825914200BFBB71 /* FlickrClient.swift in Sources */ = {isa = PBXBuildFile; fileRef = 96E763232825914200BFBB71 /* FlickrClient.swift */; };
		96E763262825915000BFBB71 /* FlickrResponse.swift in Sources */ = {isa = PBXBuildFile; fileRef = 96E763252825915000BFBB71 /* FlickrResponse.swift */; };
		96E763282825916400BFBB71 /* Location.swift in Sources */ = {isa = PBXBuildFile; fileRef = 96E763272825916400BFBB71 /* Location.swift */; };
		96E7632A2825917000BFBB71 /* PhotoStruct.swift in Sources */ = {isa = PBXBuildFile; fileRef = 96E763292825917000BFBB71 /* PhotoStruct.swift */; };
		96E7632C2825917900BFBB71 /* PhotoViewCell.swift in Sources */ = {isa = PBXBuildFile; fileRef = 96E7632B2825917900BFBB71 /* PhotoViewCell.swift */; };
		96E7632E2825919C00BFBB71 /* DataController.swift in Sources */ = {isa = PBXBuildFile; fileRef = 96E7632D2825919C00BFBB71 /* DataController.swift */; };
		96E76330282591B500BFBB71 /* AnnotationPin.swift in Sources */ = {isa = PBXBuildFile; fileRef = 96E7632F282591B500BFBB71 /* AnnotationPin.swift */; };
		96E76332282591E400BFBB71 /* PhotoCollectionViewController.swift in Sources */ = {isa = PBXBuildFile; fileRef = 96E76331282591E400BFBB71 /* PhotoCollectionViewController.swift */; };
		96E763342825920100BFBB71 /* PhotoCollectionViewController+Collection View.swift in Sources */ = {isa = PBXBuildFile; fileRef = 96E763332825920100BFBB71 /* PhotoCollectionViewController+Collection View.swift */; };
		96E763362825921400BFBB71 /* PhotoCollectionViewController+NSFetchResutls.swift in Sources */ = {isa = PBXBuildFile; fileRef = 96E763352825921400BFBB71 /* PhotoCollectionViewController+NSFetchResutls.swift */; };
		96E763382825922600BFBB71 /* PhotoCollectionViewController+MapView.swift in Sources */ = {isa = PBXBuildFile; fileRef = 96E763372825922600BFBB71 /* PhotoCollectionViewController+MapView.swift */; };
		96E7633E2825927500BFBB71 /* Pin+Extension.swift in Sources */ = {isa = PBXBuildFile; fileRef = 96E7633D2825927400BFBB71 /* Pin+Extension.swift */; };
		96E763402825927E00BFBB71 /* Photo+Extension.swift in Sources */ = {isa = PBXBuildFile; fileRef = 96E7633F2825927E00BFBB71 /* Photo+Extension.swift */; };
/* End PBXBuildFile section */

/* Begin PBXFileReference section */
		96E76309282590C900BFBB71 /* Virtual Tourist Udacity.app */ = {isa = PBXFileReference; explicitFileType = wrapper.application; includeInIndex = 0; path = "Virtual Tourist Udacity.app"; sourceTree = BUILT_PRODUCTS_DIR; };
		96E7630C282590C900BFBB71 /* AppDelegate.swift */ = {isa = PBXFileReference; lastKnownFileType = sourcecode.swift; path = AppDelegate.swift; sourceTree = "<group>"; };
		96E7630E282590C900BFBB71 /* SceneDelegate.swift */ = {isa = PBXFileReference; lastKnownFileType = sourcecode.swift; path = SceneDelegate.swift; sourceTree = "<group>"; };
		96E76310282590C900BFBB71 /* MapViewController.swift */ = {isa = PBXFileReference; lastKnownFileType = sourcecode.swift; path = MapViewController.swift; sourceTree = "<group>"; };
		96E76313282590C900BFBB71 /* Base */ = {isa = PBXFileReference; lastKnownFileType = file.storyboard; name = Base; path = Base.lproj/Main.storyboard; sourceTree = "<group>"; };
		96E76316282590C900BFBB71 /* Virtual_Tourist_Udacity.xcdatamodel */ = {isa = PBXFileReference; lastKnownFileType = wrapper.xcdatamodel; path = Virtual_Tourist_Udacity.xcdatamodel; sourceTree = "<group>"; };
		96E76318282590CE00BFBB71 /* Assets.xcassets */ = {isa = PBXFileReference; lastKnownFileType = folder.assetcatalog; path = Assets.xcassets; sourceTree = "<group>"; };
		96E7631B282590CE00BFBB71 /* Base */ = {isa = PBXFileReference; lastKnownFileType = file.storyboard; name = Base; path = Base.lproj/LaunchScreen.storyboard; sourceTree = "<group>"; };
		96E7631D282590CE00BFBB71 /* Info.plist */ = {isa = PBXFileReference; lastKnownFileType = text.plist.xml; path = Info.plist; sourceTree = "<group>"; };
		96E763232825914200BFBB71 /* FlickrClient.swift */ = {isa = PBXFileReference; lastKnownFileType = sourcecode.swift; path = FlickrClient.swift; sourceTree = "<group>"; };
		96E763252825915000BFBB71 /* FlickrResponse.swift */ = {isa = PBXFileReference; lastKnownFileType = sourcecode.swift; path = FlickrResponse.swift; sourceTree = "<group>"; };
		96E763272825916400BFBB71 /* Location.swift */ = {isa = PBXFileReference; lastKnownFileType = sourcecode.swift; path = Location.swift; sourceTree = "<group>"; };
		96E763292825917000BFBB71 /* PhotoStruct.swift */ = {isa = PBXFileReference; lastKnownFileType = sourcecode.swift; path = PhotoStruct.swift; sourceTree = "<group>"; };
		96E7632B2825917900BFBB71 /* PhotoViewCell.swift */ = {isa = PBXFileReference; lastKnownFileType = sourcecode.swift; path = PhotoViewCell.swift; sourceTree = "<group>"; };
		96E7632D2825919C00BFBB71 /* DataController.swift */ = {isa = PBXFileReference; lastKnownFileType = sourcecode.swift; path = DataController.swift; sourceTree = "<group>"; };
		96E7632F282591B500BFBB71 /* AnnotationPin.swift */ = {isa = PBXFileReference; lastKnownFileType = sourcecode.swift; path = AnnotationPin.swift; sourceTree = "<group>"; };
		96E76331282591E400BFBB71 /* PhotoCollectionViewController.swift */ = {isa = PBXFileReference; lastKnownFileType = sourcecode.swift; path = PhotoCollectionViewController.swift; sourceTree = "<group>"; };
		96E763332825920100BFBB71 /* PhotoCollectionViewController+Collection View.swift */ = {isa = PBXFileReference; lastKnownFileType = sourcecode.swift; path = "PhotoCollectionViewController+Collection View.swift"; sourceTree = "<group>"; };
		96E763352825921400BFBB71 /* PhotoCollectionViewController+NSFetchResutls.swift */ = {isa = PBXFileReference; lastKnownFileType = sourcecode.swift; path = "PhotoCollectionViewController+NSFetchResutls.swift"; sourceTree = "<group>"; };
		96E763372825922600BFBB71 /* PhotoCollectionViewController+MapView.swift */ = {isa = PBXFileReference; lastKnownFileType = sourcecode.swift; path = "PhotoCollectionViewController+MapView.swift"; sourceTree = "<group>"; };
		96E7633D2825927400BFBB71 /* Pin+Extension.swift */ = {isa = PBXFileReference; lastKnownFileType = sourcecode.swift; path = "Pin+Extension.swift"; sourceTree = "<group>"; };
		96E7633F2825927E00BFBB71 /* Photo+Extension.swift */ = {isa = PBXFileReference; lastKnownFileType = sourcecode.swift; path = "Photo+Extension.swift"; sourceTree = "<group>"; };
/* End PBXFileReference section */

/* Begin PBXFrameworksBuildPhase section */
		96E76306282590C900BFBB71 /* Frameworks */ = {
			isa = PBXFrameworksBuildPhase;
			buildActionMask = 2147483647;
			files = (
			);
			runOnlyForDeploymentPostprocessing = 0;
		};
/* End PBXFrameworksBuildPhase section */

/* Begin PBXGroup section */
		96E76300282590C900BFBB71 = {
			isa = PBXGroup;
			children = (
				96E7630B282590C900BFBB71 /* Virtual Tourist Udacity */,
				96E7630A282590C900BFBB71 /* Products */,
			);
			sourceTree = "<group>";
		};
		96E7630A282590C900BFBB71 /* Products */ = {
			isa = PBXGroup;
			children = (
				96E76309282590C900BFBB71 /* Virtual Tourist Udacity.app */,
			);
			name = Products;
			sourceTree = "<group>";
		};
		96E7630B282590C900BFBB71 /* Virtual Tourist Udacity */ = {
			isa = PBXGroup;
			children = (
				96E7633A2825923100BFBB71 /* API Service */,
				96E76342282592F200BFBB71 /* View Controllers */,
				96E7633C2825924900BFBB71 /* Model */,
				96E7630C282590C900BFBB71 /* AppDelegate.swift */,
				96E7630E282590C900BFBB71 /* SceneDelegate.swift */,
				96E76318282590CE00BFBB71 /* Assets.xcassets */,
				96E7631D282590CE00BFBB71 /* Info.plist */,
			);
			path = "Virtual Tourist Udacity";
			sourceTree = "<group>";
		};
		96E763392825922A00BFBB71 /* Storyboards */ = {
			isa = PBXGroup;
			children = (
				96E76312282590C900BFBB71 /* Main.storyboard */,
				96E7631A282590CE00BFBB71 /* LaunchScreen.storyboard */,
			);
			path = Storyboards;
			sourceTree = "<group>";
		};
		96E7633A2825923100BFBB71 /* API Service */ = {
			isa = PBXGroup;
			children = (
				96E763232825914200BFBB71 /* FlickrClient.swift */,
				96E763252825915000BFBB71 /* FlickrResponse.swift */,
			);
			path = "API Service";
			sourceTree = "<group>";
		};
		96E7633B2825923A00BFBB71 /* Managed Objects */ = {
			isa = PBXGroup;
			children = (
				96E7633D2825927400BFBB71 /* Pin+Extension.swift */,
				96E7633F2825927E00BFBB71 /* Photo+Extension.swift */,
			);
			path = "Managed Objects";
			sourceTree = "<group>";
		};
		96E7633C2825924900BFBB71 /* Model */ = {
			isa = PBXGroup;
			children = (
				96E763272825916400BFBB71 /* Location.swift */,
				96E76315282590C900BFBB71 /* Virtual_Tourist_Udacity.xcdatamodeld */,
				96E7633B2825923A00BFBB71 /* Managed Objects */,
				96E763292825917000BFBB71 /* PhotoStruct.swift */,
				96E7632F282591B500BFBB71 /* AnnotationPin.swift */,
				96E7632D2825919C00BFBB71 /* DataController.swift */,
			);
			path = Model;
			sourceTree = "<group>";
		};
		96E76341282592D400BFBB71 /* Album View */ = {
			isa = PBXGroup;
			children = (
				96E7632B2825917900BFBB71 /* PhotoViewCell.swift */,
				96E76331282591E400BFBB71 /* PhotoCollectionViewController.swift */,
				96E763332825920100BFBB71 /* PhotoCollectionViewController+Collection View.swift */,
				96E763352825921400BFBB71 /* PhotoCollectionViewController+NSFetchResutls.swift */,
				96E763372825922600BFBB71 /* PhotoCollectionViewController+MapView.swift */,
			);
			path = "Album View";
			sourceTree = "<group>";
		};
		96E76342282592F200BFBB71 /* View Controllers */ = {
			isa = PBXGroup;
			children = (
				96E76310282590C900BFBB71 /* MapViewController.swift */,
				96E76341282592D400BFBB71 /* Album View */,
				96E763392825922A00BFBB71 /* Storyboards */,
			);
			path = "View Controllers";
			sourceTree = "<group>";
		};
/* End PBXGroup section */

/* Begin PBXNativeTarget section */
		96E76308282590C900BFBB71 /* Virtual Tourist Udacity */ = {
			isa = PBXNativeTarget;
			buildConfigurationList = 96E76320282590CE00BFBB71 /* Build configuration list for PBXNativeTarget "Virtual Tourist Udacity" */;
			buildPhases = (
				96E76305282590C900BFBB71 /* Sources */,
				96E76306282590C900BFBB71 /* Frameworks */,
				96E76307282590C900BFBB71 /* Resources */,
			);
			buildRules = (
			);
			dependencies = (
			);
			name = "Virtual Tourist Udacity";
			productName = "Virtual Tourist Udacity";
			productReference = 96E76309282590C900BFBB71 /* Virtual Tourist Udacity.app */;
			productType = "com.apple.product-type.application";
		};
/* End PBXNativeTarget section */

/* Begin PBXProject section */
		96E76301282590C900BFBB71 /* Project object */ = {
			isa = PBXProject;
			attributes = {
				BuildIndependentTargetsInParallel = 1;
				LastSwiftUpdateCheck = 1310;
				LastUpgradeCheck = 1310;
				TargetAttributes = {
					96E76308282590C900BFBB71 = {
						CreatedOnToolsVersion = 13.1;
					};
				};
			};
			buildConfigurationList = 96E76304282590C900BFBB71 /* Build configuration list for PBXProject "Virtual Tourist Udacity" */;
			compatibilityVersion = "Xcode 13.0";
			developmentRegion = en;
			hasScannedForEncodings = 0;
			knownRegions = (
				en,
				Base,
			);
			mainGroup = 96E76300282590C900BFBB71;
			productRefGroup = 96E7630A282590C900BFBB71 /* Products */;
			projectDirPath = "";
			projectRoot = "";
			targets = (
				96E76308282590C900BFBB71 /* Virtual Tourist Udacity */,
			);
		};
/* End PBXProject section */

/* Begin PBXResourcesBuildPhase section */
		96E76307282590C900BFBB71 /* Resources */ = {
			isa = PBXResourcesBuildPhase;
			buildActionMask = 2147483647;
			files = (
				96E7631C282590CE00BFBB71 /* LaunchScreen.storyboard in Resources */,
				96E76319282590CE00BFBB71 /* Assets.xcassets in Resources */,
				96E76314282590C900BFBB71 /* Main.storyboard in Resources */,
			);
			runOnlyForDeploymentPostprocessing = 0;
		};
/* End PBXResourcesBuildPhase section */

/* Begin PBXSourcesBuildPhase section */
		96E76305282590C900BFBB71 /* Sources */ = {
			isa = PBXSourcesBuildPhase;
			buildActionMask = 2147483647;
			files = (
				96E76311282590C900BFBB71 /* MapViewController.swift in Sources */,
				96E763242825914200BFBB71 /* FlickrClient.swift in Sources */,
				96E763382825922600BFBB71 /* PhotoCollectionViewController+MapView.swift in Sources */,
				96E7632C2825917900BFBB71 /* PhotoViewCell.swift in Sources */,
				96E7630D282590C900BFBB71 /* AppDelegate.swift in Sources */,
				96E76330282591B500BFBB71 /* AnnotationPin.swift in Sources */,
				96E7632A2825917000BFBB71 /* PhotoStruct.swift in Sources */,
				96E7632E2825919C00BFBB71 /* DataController.swift in Sources */,
				96E763402825927E00BFBB71 /* Photo+Extension.swift in Sources */,
				96E76332282591E400BFBB71 /* PhotoCollectionViewController.swift in Sources */,
				96E76317282590C900BFBB71 /* Virtual_Tourist_Udacity.xcdatamodeld in Sources */,
				96E7630F282590C900BFBB71 /* SceneDelegate.swift in Sources */,
				96E763342825920100BFBB71 /* PhotoCollectionViewController+Collection View.swift in Sources */,
				96E763262825915000BFBB71 /* FlickrResponse.swift in Sources */,
				96E7633E2825927500BFBB71 /* Pin+Extension.swift in Sources */,
				96E763362825921400BFBB71 /* PhotoCollectionViewController+NSFetchResutls.swift in Sources */,
				96E763282825916400BFBB71 /* Location.swift in Sources */,
			);
			runOnlyForDeploymentPostprocessing = 0;
		};
/* End PBXSourcesBuildPhase section */

/* Begin PBXVariantGroup section */
		96E76312282590C900BFBB71 /* Main.storyboard */ = {
			isa = PBXVariantGroup;
			children = (
				96E76313282590C900BFBB71 /* Base */,
			);
			name = Main.storyboard;
			sourceTree = "<group>";
		};
		96E7631A282590CE00BFBB71 /* LaunchScreen.storyboard */ = {
			isa = PBXVariantGroup;
			children = (
				96E7631B282590CE00BFBB71 /* Base */,
			);
			name = LaunchScreen.storyboard;
			sourceTree = "<group>";
		};
/* End PBXVariantGroup section */

/* Begin XCBuildConfiguration section */
		96E7631E282590CE00BFBB71 /* Debug */ = {
			isa = XCBuildConfiguration;
			buildSettings = {
				ALWAYS_SEARCH_USER_PATHS = NO;
				CLANG_ANALYZER_NONNULL = YES;
				CLANG_ANALYZER_NUMBER_OBJECT_CONVERSION = YES_AGGRESSIVE;
				CLANG_CXX_LANGUAGE_STANDARD = "gnu++17";
				CLANG_CXX_LIBRARY = "libc++";
				CLANG_ENABLE_MODULES = YES;
				CLANG_ENABLE_OBJC_ARC = YES;
				CLANG_ENABLE_OBJC_WEAK = YES;
				CLANG_WARN_BLOCK_CAPTURE_AUTORELEASING = YES;
				CLANG_WARN_BOOL_CONVERSION = YES;
				CLANG_WARN_COMMA = YES;
				CLANG_WARN_CONSTANT_CONVERSION = YES;
				CLANG_WARN_DEPRECATED_OBJC_IMPLEMENTATIONS = YES;
				CLANG_WARN_DIRECT_OBJC_ISA_USAGE = YES_ERROR;
				CLANG_WARN_DOCUMENTATION_COMMENTS = YES;
				CLANG_WARN_EMPTY_BODY = YES;
				CLANG_WARN_ENUM_CONVERSION = YES;
				CLANG_WARN_INFINITE_RECURSION = YES;
				CLANG_WARN_INT_CONVERSION = YES;
				CLANG_WARN_NON_LITERAL_NULL_CONVERSION = YES;
				CLANG_WARN_OBJC_IMPLICIT_RETAIN_SELF = YES;
				CLANG_WARN_OBJC_LITERAL_CONVERSION = YES;
				CLANG_WARN_OBJC_ROOT_CLASS = YES_ERROR;
				CLANG_WARN_QUOTED_INCLUDE_IN_FRAMEWORK_HEADER = YES;
				CLANG_WARN_RANGE_LOOP_ANALYSIS = YES;
				CLANG_WARN_STRICT_PROTOTYPES = YES;
				CLANG_WARN_SUSPICIOUS_MOVE = YES;
				CLANG_WARN_UNGUARDED_AVAILABILITY = YES_AGGRESSIVE;
				CLANG_WARN_UNREACHABLE_CODE = YES;
				CLANG_WARN__DUPLICATE_METHOD_MATCH = YES;
				COPY_PHASE_STRIP = NO;
				DEBUG_INFORMATION_FORMAT = dwarf;
				ENABLE_STRICT_OBJC_MSGSEND = YES;
				ENABLE_TESTABILITY = YES;
				GCC_C_LANGUAGE_STANDARD = gnu11;
				GCC_DYNAMIC_NO_PIC = NO;
				GCC_NO_COMMON_BLOCKS = YES;
				GCC_OPTIMIZATION_LEVEL = 0;
				GCC_PREPROCESSOR_DEFINITIONS = (
					"DEBUG=1",
					"$(inherited)",
				);
				GCC_WARN_64_TO_32_BIT_CONVERSION = YES;
				GCC_WARN_ABOUT_RETURN_TYPE = YES_ERROR;
				GCC_WARN_UNDECLARED_SELECTOR = YES;
				GCC_WARN_UNINITIALIZED_AUTOS = YES_AGGRESSIVE;
				GCC_WARN_UNUSED_FUNCTION = YES;
				GCC_WARN_UNUSED_VARIABLE = YES;
				IPHONEOS_DEPLOYMENT_TARGET = 15.0;
				MTL_ENABLE_DEBUG_INFO = INCLUDE_SOURCE;
				MTL_FAST_MATH = YES;
				ONLY_ACTIVE_ARCH = YES;
				SDKROOT = iphoneos;
				SWIFT_ACTIVE_COMPILATION_CONDITIONS = DEBUG;
				SWIFT_OPTIMIZATION_LEVEL = "-Onone";
			};
			name = Debug;
		};
		96E7631F282590CE00BFBB71 /* Release */ = {
			isa = XCBuildConfiguration;
			buildSettings = {
				ALWAYS_SEARCH_USER_PATHS = NO;
				CLANG_ANALYZER_NONNULL = YES;
				CLANG_ANALYZER_NUMBER_OBJECT_CONVERSION = YES_AGGRESSIVE;
				CLANG_CXX_LANGUAGE_STANDARD = "gnu++17";
				CLANG_CXX_LIBRARY = "libc++";
				CLANG_ENABLE_MODULES = YES;
				CLANG_ENABLE_OBJC_ARC = YES;
				CLANG_ENABLE_OBJC_WEAK = YES;
				CLANG_WARN_BLOCK_CAPTURE_AUTORELEASING = YES;
				CLANG_WARN_BOOL_CONVERSION = YES;
				CLANG_WARN_COMMA = YES;
				CLANG_WARN_CONSTANT_CONVERSION = YES;
				CLANG_WARN_DEPRECATED_OBJC_IMPLEMENTATIONS = YES;
				CLANG_WARN_DIRECT_OBJC_ISA_USAGE = YES_ERROR;
				CLANG_WARN_DOCUMENTATION_COMMENTS = YES;
				CLANG_WARN_EMPTY_BODY = YES;
				CLANG_WARN_ENUM_CONVERSION = YES;
				CLANG_WARN_INFINITE_RECURSION = YES;
				CLANG_WARN_INT_CONVERSION = YES;
				CLANG_WARN_NON_LITERAL_NULL_CONVERSION = YES;
				CLANG_WARN_OBJC_IMPLICIT_RETAIN_SELF = YES;
				CLANG_WARN_OBJC_LITERAL_CONVERSION = YES;
				CLANG_WARN_OBJC_ROOT_CLASS = YES_ERROR;
				CLANG_WARN_QUOTED_INCLUDE_IN_FRAMEWORK_HEADER = YES;
				CLANG_WARN_RANGE_LOOP_ANALYSIS = YES;
				CLANG_WARN_STRICT_PROTOTYPES = YES;
				CLANG_WARN_SUSPICIOUS_MOVE = YES;
				CLANG_WARN_UNGUARDED_AVAILABILITY = YES_AGGRESSIVE;
				CLANG_WARN_UNREACHABLE_CODE = YES;
				CLANG_WARN__DUPLICATE_METHOD_MATCH = YES;
				COPY_PHASE_STRIP = NO;
				DEBUG_INFORMATION_FORMAT = "dwarf-with-dsym";
				ENABLE_NS_ASSERTIONS = NO;
				ENABLE_STRICT_OBJC_MSGSEND = YES;
				GCC_C_LANGUAGE_STANDARD = gnu11;
				GCC_NO_COMMON_BLOCKS = YES;
				GCC_WARN_64_TO_32_BIT_CONVERSION = YES;
				GCC_WARN_ABOUT_RETURN_TYPE = YES_ERROR;
				GCC_WARN_UNDECLARED_SELECTOR = YES;
				GCC_WARN_UNINITIALIZED_AUTOS = YES_AGGRESSIVE;
				GCC_WARN_UNUSED_FUNCTION = YES;
				GCC_WARN_UNUSED_VARIABLE = YES;
				IPHONEOS_DEPLOYMENT_TARGET = 15.0;
				MTL_ENABLE_DEBUG_INFO = NO;
				MTL_FAST_MATH = YES;
				SDKROOT = iphoneos;
				SWIFT_COMPILATION_MODE = wholemodule;
				SWIFT_OPTIMIZATION_LEVEL = "-O";
				VALIDATE_PRODUCT = YES;
			};
			name = Release;
		};
		96E76321282590CE00BFBB71 /* Debug */ = {
			isa = XCBuildConfiguration;
			buildSettings = {
				ASSETCATALOG_COMPILER_APPICON_NAME = AppIcon;
				ASSETCATALOG_COMPILER_GLOBAL_ACCENT_COLOR_NAME = AccentColor;
				ASSETCATALOG_COMPILER_INCLUDE_ALL_APPICON_ASSETS = YES;
				CODE_SIGN_STYLE = Automatic;
				CURRENT_PROJECT_VERSION = 1;
				DEVELOPMENT_TEAM = 683C6TAHTZ;
				GENERATE_INFOPLIST_FILE = YES;
				INFOPLIST_FILE = "Virtual Tourist Udacity/Info.plist";
				INFOPLIST_KEY_UIApplicationSupportsIndirectInputEvents = YES;
				INFOPLIST_KEY_UILaunchStoryboardName = LaunchScreen;
				INFOPLIST_KEY_UIMainStoryboardFile = Main;
				INFOPLIST_KEY_UISupportedInterfaceOrientations_iPad = "UIInterfaceOrientationPortrait UIInterfaceOrientationPortraitUpsideDown UIInterfaceOrientationLandscapeLeft UIInterfaceOrientationLandscapeRight";
				INFOPLIST_KEY_UISupportedInterfaceOrientations_iPhone = "UIInterfaceOrientationPortrait UIInterfaceOrientationLandscapeLeft UIInterfaceOrientationLandscapeRight";
				LD_RUNPATH_SEARCH_PATHS = (
					"$(inherited)",
					"@executable_path/Frameworks",
				);
				MARKETING_VERSION = 1.0;
				PRODUCT_BUNDLE_IDENTIFIER = "Min-Kaung-Htet.Virtual-Tourist-Udacity";
				PRODUCT_NAME = "$(TARGET_NAME)";
				SWIFT_EMIT_LOC_STRINGS = YES;
				SWIFT_VERSION = 5.0;
				TARGETED_DEVICE_FAMILY = "1,2";
			};
			name = Debug;
		};
		96E76322282590CE00BFBB71 /* Release */ = {
			isa = XCBuildConfiguration;
			buildSettings = {
				ASSETCATALOG_COMPILER_APPICON_NAME = AppIcon;
				ASSETCATALOG_COMPILER_GLOBAL_ACCENT_COLOR_NAME = AccentColor;
				ASSETCATALOG_COMPILER_INCLUDE_ALL_APPICON_ASSETS = YES;
				CODE_SIGN_STYLE = Automatic;
				CURRENT_PROJECT_VERSION = 1;
				DEVELOPMENT_TEAM = 683C6TAHTZ;
				GENERATE_INFOPLIST_FILE = YES;
				INFOPLIST_FILE = "Virtual Tourist Udacity/Info.plist";
				INFOPLIST_KEY_UIApplicationSupportsIndirectInputEvents = YES;
				INFOPLIST_KEY_UILaunchStoryboardName = LaunchScreen;
				INFOPLIST_KEY_UIMainStoryboardFile = Main;
				INFOPLIST_KEY_UISupportedInterfaceOrientations_iPad = "UIInterfaceOrientationPortrait UIInterfaceOrientationPortraitUpsideDown UIInterfaceOrientationLandscapeLeft UIInterfaceOrientationLandscapeRight";
				INFOPLIST_KEY_UISupportedInterfaceOrientations_iPhone = "UIInterfaceOrientationPortrait UIInterfaceOrientationLandscapeLeft UIInterfaceOrientationLandscapeRight";
				LD_RUNPATH_SEARCH_PATHS = (
					"$(inherited)",
					"@executable_path/Frameworks",
				);
				MARKETING_VERSION = 1.0;
				PRODUCT_BUNDLE_IDENTIFIER = "Min-Kaung-Htet.Virtual-Tourist-Udacity";
				PRODUCT_NAME = "$(TARGET_NAME)";
				SWIFT_EMIT_LOC_STRINGS = YES;
				SWIFT_VERSION = 5.0;
				TARGETED_DEVICE_FAMILY = "1,2";
			};
			name = Release;
		};
/* End XCBuildConfiguration section */

/* Begin XCConfigurationList section */
		96E76304282590C900BFBB71 /* Build configuration list for PBXProject "Virtual Tourist Udacity" */ = {
			isa = XCConfigurationList;
			buildConfigurations = (
				96E7631E282590CE00BFBB71 /* Debug */,
				96E7631F282590CE00BFBB71 /* Release */,
			);
			defaultConfigurationIsVisible = 0;
			defaultConfigurationName = Release;
		};
		96E76320282590CE00BFBB71 /* Build configuration list for PBXNativeTarget "Virtual Tourist Udacity" */ = {
			isa = XCConfigurationList;
			buildConfigurations = (
				96E76321282590CE00BFBB71 /* Debug */,
				96E76322282590CE00BFBB71 /* Release */,
			);
			defaultConfigurationIsVisible = 0;
			defaultConfigurationName = Release;
		};
/* End XCConfigurationList section */

/* Begin XCVersionGroup section */
		96E76315282590C900BFBB71 /* Virtual_Tourist_Udacity.xcdatamodeld */ = {
			isa = XCVersionGroup;
			children = (
				96E76316282590C900BFBB71 /* Virtual_Tourist_Udacity.xcdatamodel */,
			);
			currentVersion = 96E76316282590C900BFBB71 /* Virtual_Tourist_Udacity.xcdatamodel */;
			path = Virtual_Tourist_Udacity.xcdatamodeld;
			sourceTree = "<group>";
			versionGroupType = wrapper.xcdatamodel;
		};
/* End XCVersionGroup section */
	};
	rootObject = 96E76301282590C900BFBB71 /* Project object */;
}
